
Microsoft Visual Studio Solution File, Format Version 12.00
# Visual Studio Version 17
VisualStudioVersion = 17.14.36401.2 d17.14
MinimumVisualStudioVersion = 10.0.40219.1
Project("{FAE04EC0-301F-11D3-BF4B-00C04F79EFBC}") = "33ExpressaoCondicionalTernaria", "33ExpressaoCondicionalTernaria.csproj", "{02205994-9149-489C-AE69-20D4119022A9}"
EndProject
Global
	GlobalSection(SolutionConfigurationPlatforms) = preSolution
		Debug|Any CPU = Debug|Any CPU
		Release|Any CPU = Release|Any CPU
	EndGlobalSection
	GlobalSection(ProjectConfigurationPlatforms) = postSolution
		{02205994-9149-489C-AE69-20D4119022A9}.Debug|Any CPU.ActiveCfg = Debug|Any CPU
		{02205994-9149-489C-AE69-20D4119022A9}.Debug|Any CPU.Build.0 = Debug|Any CPU
		{02205994-9149-489C-AE69-20D4119022A9}.Release|Any CPU.ActiveCfg = Release|Any CPU
		{02205994-9149-489C-AE69-20D4119022A9}.Release|Any CPU.Build.0 = Release|Any CPU
	EndGlobalSection
	GlobalSection(SolutionProperties) = preSolution
		HideSolutionNode = FALSE
	EndGlobalSection
	GlobalSection(ExtensibilityGlobals) = postSolution
		SolutionGuid = {BB108AF2-6457-4FFE-8B8D-81BB1E045CE5}
	EndGlobalSection
EndGlobal
