
Microsoft Visual Studio Solution File, Format Version 12.00
# Visual Studio Version 17
VisualStudioVersion = 17.14.36401.2 d17.14
MinimumVisualStudioVersion = 10.0.40219.1
Project("{FAE04EC0-301F-11D3-BF4B-00C04F79EFBC}") = "06EstruturaIf-Else", "06EstruturaIf-Else.csproj", "{81C15932-F952-4EFF-A0A6-88500A9CFAF8}"
EndProject
Global
	GlobalSection(SolutionConfigurationPlatforms) = preSolution
		Debug|Any CPU = Debug|Any CPU
		Release|Any CPU = Release|Any CPU
	EndGlobalSection
	GlobalSection(ProjectConfigurationPlatforms) = postSolution
		{81C15932-F952-4EFF-A0A6-88500A9CFAF8}.Debug|Any CPU.ActiveCfg = Debug|Any CPU
		{81C15932-F952-4EFF-A0A6-88500A9CFAF8}.Debug|Any CPU.Build.0 = Debug|Any CPU
		{81C15932-F952-4EFF-A0A6-88500A9CFAF8}.Release|Any CPU.ActiveCfg = Release|Any CPU
		{81C15932-F952-4EFF-A0A6-88500A9CFAF8}.Release|Any CPU.Build.0 = Release|Any CPU
	EndGlobalSection
	GlobalSection(SolutionProperties) = preSolution
		HideSolutionNode = FALSE
	EndGlobalSection
	GlobalSection(ExtensibilityGlobals) = postSolution
		SolutionGuid = {D4D3D815-497A-416B-B10D-22778A2A92A6}
	EndGlobalSection
EndGlobal
