
Microsoft Visual Studio Solution File, Format Version 12.00
# Visual Studio Version 17
VisualStudioVersion = 17.14.36401.2 d17.14
MinimumVisualStudioVersion = 10.0.40219.1
Project("{FAE04EC0-301F-11D3-BF4B-00C04F79EFBC}") = "18Exercicio-poo", "18Exercicio-poo.csproj", "{D8B4E199-E1DB-4737-ADC5-E27893AB6CF2}"
EndProject
Global
	GlobalSection(SolutionConfigurationPlatforms) = preSolution
		Debug|Any CPU = Debug|Any CPU
		Release|Any CPU = Release|Any CPU
	EndGlobalSection
	GlobalSection(ProjectConfigurationPlatforms) = postSolution
		{D8B4E199-E1DB-4737-ADC5-E27893AB6CF2}.Debug|Any CPU.ActiveCfg = Debug|Any CPU
		{D8B4E199-E1DB-4737-ADC5-E27893AB6CF2}.Debug|Any CPU.Build.0 = Debug|Any CPU
		{D8B4E199-E1DB-4737-ADC5-E27893AB6CF2}.Release|Any CPU.ActiveCfg = Release|Any CPU
		{D8B4E199-E1DB-4737-ADC5-E27893AB6CF2}.Release|Any CPU.Build.0 = Release|Any CPU
	EndGlobalSection
	GlobalSection(SolutionProperties) = preSolution
		HideSolutionNode = FALSE
	EndGlobalSection
	GlobalSection(ExtensibilityGlobals) = postSolution
		SolutionGuid = {CB0F9931-260A-4B08-85BC-EB89BF1ADD71}
	EndGlobalSection
EndGlobal
