
Microsoft Visual Studio Solution File, Format Version 12.00
# Visual Studio Version 17
VisualStudioVersion = 17.14.36401.2 d17.14
MinimumVisualStudioVersion = 10.0.40219.1
Project("{FAE04EC0-301F-11D3-BF4B-00C04F79EFBC}") = "03Exercicio", "03Exercicio.csproj", "{ABD2B293-C228-4E71-9D29-790A09B04F0E}"
EndProject
Global
	GlobalSection(SolutionConfigurationPlatforms) = preSolution
		Debug|Any CPU = Debug|Any CPU
		Release|Any CPU = Release|Any CPU
	EndGlobalSection
	GlobalSection(ProjectConfigurationPlatforms) = postSolution
		{ABD2B293-C228-4E71-9D29-790A09B04F0E}.Debug|Any CPU.ActiveCfg = Debug|Any CPU
		{ABD2B293-C228-4E71-9D29-790A09B04F0E}.Debug|Any CPU.Build.0 = Debug|Any CPU
		{ABD2B293-C228-4E71-9D29-790A09B04F0E}.Release|Any CPU.ActiveCfg = Release|Any CPU
		{ABD2B293-C228-4E71-9D29-790A09B04F0E}.Release|Any CPU.Build.0 = Release|Any CPU
	EndGlobalSection
	GlobalSection(SolutionProperties) = preSolution
		HideSolutionNode = FALSE
	EndGlobalSection
	GlobalSection(ExtensibilityGlobals) = postSolution
		SolutionGuid = {14AD9A24-DC1B-4CF9-8C10-DCB29BDCE212}
	EndGlobalSection
EndGlobal
