
Microsoft Visual Studio Solution File, Format Version 12.00
# Visual Studio Version 17
VisualStudioVersion = 17.14.36401.2 d17.14
MinimumVisualStudioVersion = 10.0.40219.1
Project("{FAE04EC0-301F-11D3-BF4B-00C04F79EFBC}") = "24Exercicio-poo", "24Exercicio-poo.csproj", "{1442620E-44C9-4A44-B7A6-74BDEDA05FE0}"
EndProject
Global
	GlobalSection(SolutionConfigurationPlatforms) = preSolution
		Debug|Any CPU = Debug|Any CPU
		Release|Any CPU = Release|Any CPU
	EndGlobalSection
	GlobalSection(ProjectConfigurationPlatforms) = postSolution
		{1442620E-44C9-4A44-B7A6-74BDEDA05FE0}.Debug|Any CPU.ActiveCfg = Debug|Any CPU
		{1442620E-44C9-4A44-B7A6-74BDEDA05FE0}.Debug|Any CPU.Build.0 = Debug|Any CPU
		{1442620E-44C9-4A44-B7A6-74BDEDA05FE0}.Release|Any CPU.ActiveCfg = Release|Any CPU
		{1442620E-44C9-4A44-B7A6-74BDEDA05FE0}.Release|Any CPU.Build.0 = Release|Any CPU
	EndGlobalSection
	GlobalSection(SolutionProperties) = preSolution
		HideSolutionNode = FALSE
	EndGlobalSection
	GlobalSection(ExtensibilityGlobals) = postSolution
		SolutionGuid = {880FA1E6-B0E6-4B29-B2EF-CA00212E7044}
	EndGlobalSection
EndGlobal
