
Microsoft Visual Studio Solution File, Format Version 12.00
# Visual Studio Version 17
VisualStudioVersion = 17.14.36401.2 d17.14
MinimumVisualStudioVersion = 10.0.40219.1
Project("{FAE04EC0-301F-11D3-BF4B-00C04F79EFBC}") = "02Exercicio", "02Exercicio.csproj", "{90F29B9B-E91F-4792-903A-703D363C95E5}"
EndProject
Global
	GlobalSection(SolutionConfigurationPlatforms) = preSolution
		Debug|Any CPU = Debug|Any CPU
		Release|Any CPU = Release|Any CPU
	EndGlobalSection
	GlobalSection(ProjectConfigurationPlatforms) = postSolution
		{90F29B9B-E91F-4792-903A-703D363C95E5}.Debug|Any CPU.ActiveCfg = Debug|Any CPU
		{90F29B9B-E91F-4792-903A-703D363C95E5}.Debug|Any CPU.Build.0 = Debug|Any CPU
		{90F29B9B-E91F-4792-903A-703D363C95E5}.Release|Any CPU.ActiveCfg = Release|Any CPU
		{90F29B9B-E91F-4792-903A-703D363C95E5}.Release|Any CPU.Build.0 = Release|Any CPU
	EndGlobalSection
	GlobalSection(SolutionProperties) = preSolution
		HideSolutionNode = FALSE
	EndGlobalSection
	GlobalSection(ExtensibilityGlobals) = postSolution
		SolutionGuid = {C0576C79-A642-438A-8212-2A96ACFDDDD8}
	EndGlobalSection
EndGlobal
