
Microsoft Visual Studio Solution File, Format Version 12.00
# Visual Studio Version 17
VisualStudioVersion = 17.14.36401.2 d17.14
MinimumVisualStudioVersion = 10.0.40219.1
Project("{FAE04EC0-301F-11D3-BF4B-00C04F79EFBC}") = "55FileStreamEStreamReader", "55FileStreamEStreamReader.csproj", "{DC297760-F233-42AA-8FC6-7D09AB5B6B14}"
EndProject
Global
	GlobalSection(SolutionConfigurationPlatforms) = preSolution
		Debug|Any CPU = Debug|Any CPU
		Release|Any CPU = Release|Any CPU
	EndGlobalSection
	GlobalSection(ProjectConfigurationPlatforms) = postSolution
		{DC297760-F233-42AA-8FC6-7D09AB5B6B14}.Debug|Any CPU.ActiveCfg = Debug|Any CPU
		{DC297760-F233-42AA-8FC6-7D09AB5B6B14}.Debug|Any CPU.Build.0 = Debug|Any CPU
		{DC297760-F233-42AA-8FC6-7D09AB5B6B14}.Release|Any CPU.ActiveCfg = Release|Any CPU
		{DC297760-F233-42AA-8FC6-7D09AB5B6B14}.Release|Any CPU.Build.0 = Release|Any CPU
	EndGlobalSection
	GlobalSection(SolutionProperties) = preSolution
		HideSolutionNode = FALSE
	EndGlobalSection
	GlobalSection(ExtensibilityGlobals) = postSolution
		SolutionGuid = {44643F80-C1C8-4EA2-A405-B81E8722BA8D}
	EndGlobalSection
EndGlobal
