
Microsoft Visual Studio Solution File, Format Version 12.00
# Visual Studio Version 17
VisualStudioVersion = 17.14.36401.2 d17.14
MinimumVisualStudioVersion = 10.0.40219.1
Project("{FAE04EC0-301F-11D3-BF4B-00C04F79EFBC}") = "39DateTimeKind", "39DateTimeKind.csproj", "{57FE49B1-D2CC-4FD2-B5A7-B5F9983C9891}"
EndProject
Global
	GlobalSection(SolutionConfigurationPlatforms) = preSolution
		Debug|Any CPU = Debug|Any CPU
		Release|Any CPU = Release|Any CPU
	EndGlobalSection
	GlobalSection(ProjectConfigurationPlatforms) = postSolution
		{57FE49B1-D2CC-4FD2-B5A7-B5F9983C9891}.Debug|Any CPU.ActiveCfg = Debug|Any CPU
		{57FE49B1-D2CC-4FD2-B5A7-B5F9983C9891}.Debug|Any CPU.Build.0 = Debug|Any CPU
		{57FE49B1-D2CC-4FD2-B5A7-B5F9983C9891}.Release|Any CPU.ActiveCfg = Release|Any CPU
		{57FE49B1-D2CC-4FD2-B5A7-B5F9983C9891}.Release|Any CPU.Build.0 = Release|Any CPU
	EndGlobalSection
	GlobalSection(SolutionProperties) = preSolution
		HideSolutionNode = FALSE
	EndGlobalSection
	GlobalSection(ExtensibilityGlobals) = postSolution
		SolutionGuid = {CF611704-D0D6-4600-8EB0-47CF1D107825}
	EndGlobalSection
EndGlobal
