
Microsoft Visual Studio Solution File, Format Version 12.00
# Visual Studio Version 17
VisualStudioVersion = 17.14.36401.2 d17.14
MinimumVisualStudioVersion = 10.0.40219.1
Project("{FAE04EC0-301F-11D3-BF4B-00C04F79EFBC}") = "14Exercicio-poo", "14Exercicio-poo.csproj", "{6AFF8C5D-241B-4663-B711-2D43D7CE60E1}"
EndProject
Global
	GlobalSection(SolutionConfigurationPlatforms) = preSolution
		Debug|Any CPU = Debug|Any CPU
		Release|Any CPU = Release|Any CPU
	EndGlobalSection
	GlobalSection(ProjectConfigurationPlatforms) = postSolution
		{6AFF8C5D-241B-4663-B711-2D43D7CE60E1}.Debug|Any CPU.ActiveCfg = Debug|Any CPU
		{6AFF8C5D-241B-4663-B711-2D43D7CE60E1}.Debug|Any CPU.Build.0 = Debug|Any CPU
		{6AFF8C5D-241B-4663-B711-2D43D7CE60E1}.Release|Any CPU.ActiveCfg = Release|Any CPU
		{6AFF8C5D-241B-4663-B711-2D43D7CE60E1}.Release|Any CPU.Build.0 = Release|Any CPU
	EndGlobalSection
	GlobalSection(SolutionProperties) = preSolution
		HideSolutionNode = FALSE
	EndGlobalSection
	GlobalSection(ExtensibilityGlobals) = postSolution
		SolutionGuid = {3DA77757-657E-4FF6-8F53-DFA721B87F8A}
	EndGlobalSection
EndGlobal
