
Microsoft Visual Studio Solution File, Format Version 12.00
# Visual Studio Version 17
VisualStudioVersion = 17.14.36401.2 d17.14
MinimumVisualStudioVersion = 10.0.40219.1
Project("{FAE04EC0-301F-11D3-BF4B-00C04F79EFBC}") = "60SolucaoSemInterface", "60SolucaoSemInterface.csproj", "{9C09ECB2-48D2-4699-A492-DE4AA63A415C}"
EndProject
Global
	GlobalSection(SolutionConfigurationPlatforms) = preSolution
		Debug|Any CPU = Debug|Any CPU
		Release|Any CPU = Release|Any CPU
	EndGlobalSection
	GlobalSection(ProjectConfigurationPlatforms) = postSolution
		{9C09ECB2-48D2-4699-A492-DE4AA63A415C}.Debug|Any CPU.ActiveCfg = Debug|Any CPU
		{9C09ECB2-48D2-4699-A492-DE4AA63A415C}.Debug|Any CPU.Build.0 = Debug|Any CPU
		{9C09ECB2-48D2-4699-A492-DE4AA63A415C}.Release|Any CPU.ActiveCfg = Release|Any CPU
		{9C09ECB2-48D2-4699-A492-DE4AA63A415C}.Release|Any CPU.Build.0 = Release|Any CPU
	EndGlobalSection
	GlobalSection(SolutionProperties) = preSolution
		HideSolutionNode = FALSE
	EndGlobalSection
	GlobalSection(ExtensibilityGlobals) = postSolution
		SolutionGuid = {A06BEFB0-5C75-4B30-AAD2-8CC69896E7D3}
	EndGlobalSection
EndGlobal
