
Microsoft Visual Studio Solution File, Format Version 12.00
# Visual Studio Version 17
VisualStudioVersion = 17.14.36401.2 d17.14
MinimumVisualStudioVersion = 10.0.40219.1
Project("{FAE04EC0-301F-11D3-BF4B-00C04F79EFBC}") = "09Exercicios", "09Exercicios.csproj", "{7515F1FF-8F9F-4CB2-AF58-7AA29C3F90EB}"
EndProject
Global
	GlobalSection(SolutionConfigurationPlatforms) = preSolution
		Debug|Any CPU = Debug|Any CPU
		Release|Any CPU = Release|Any CPU
	EndGlobalSection
	GlobalSection(ProjectConfigurationPlatforms) = postSolution
		{7515F1FF-8F9F-4CB2-AF58-7AA29C3F90EB}.Debug|Any CPU.ActiveCfg = Debug|Any CPU
		{7515F1FF-8F9F-4CB2-AF58-7AA29C3F90EB}.Debug|Any CPU.Build.0 = Debug|Any CPU
		{7515F1FF-8F9F-4CB2-AF58-7AA29C3F90EB}.Release|Any CPU.ActiveCfg = Release|Any CPU
		{7515F1FF-8F9F-4CB2-AF58-7AA29C3F90EB}.Release|Any CPU.Build.0 = Release|Any CPU
	EndGlobalSection
	GlobalSection(SolutionProperties) = preSolution
		HideSolutionNode = FALSE
	EndGlobalSection
	GlobalSection(ExtensibilityGlobals) = postSolution
		SolutionGuid = {BDD42FAB-4A11-4616-9663-03CAF0682604}
	EndGlobalSection
EndGlobal
