
Microsoft Visual Studio Solution File, Format Version 12.00
# Visual Studio Version 17
VisualStudioVersion = 17.14.36401.2 d17.14
MinimumVisualStudioVersion = 10.0.40219.1
Project("{FAE04EC0-301F-11D3-BF4B-00C04F79EFBC}") = "51ExcecaoPersonalizadaRUIM", "51ExcecaoPersonalizadaRUIM.csproj", "{02DD7577-EDD8-4471-879F-DA80595095B3}"
EndProject
Global
	GlobalSection(SolutionConfigurationPlatforms) = preSolution
		Debug|Any CPU = Debug|Any CPU
		Release|Any CPU = Release|Any CPU
	EndGlobalSection
	GlobalSection(ProjectConfigurationPlatforms) = postSolution
		{02DD7577-EDD8-4471-879F-DA80595095B3}.Debug|Any CPU.ActiveCfg = Debug|Any CPU
		{02DD7577-EDD8-4471-879F-DA80595095B3}.Debug|Any CPU.Build.0 = Debug|Any CPU
		{02DD7577-EDD8-4471-879F-DA80595095B3}.Release|Any CPU.ActiveCfg = Release|Any CPU
		{02DD7577-EDD8-4471-879F-DA80595095B3}.Release|Any CPU.Build.0 = Release|Any CPU
	EndGlobalSection
	GlobalSection(SolutionProperties) = preSolution
		HideSolutionNode = FALSE
	EndGlobalSection
	GlobalSection(ExtensibilityGlobals) = postSolution
		SolutionGuid = {D3CBA6C4-8A6C-4BB9-A784-2512265C5E0B}
	EndGlobalSection
EndGlobal
